<?xml version="1.0" encoding="utf-8"?>
<Project ToolsVersion="4.0" xmlns="http://schemas.microsoft.com/developer/msbuild/2003">
  <ItemGroup>
    <Filter Include="Исходные файлы">
      <UniqueIdentifier>{4FC737F1-C7A5-4376-A066-2A32D752A2FF}</UniqueIdentifier>
      <Extensions>cpp;c;cc;cxx;c++;cppm;ixx;def;odl;idl;hpj;bat;asm;asmx</Extensions>
    </Filter>
    <Filter Include="Файлы заголовков">
      <UniqueIdentifier>{93995380-89BD-4b04-88EB-625FBE52EBFB}</UniqueIdentifier>
      <Extensions>h;hh;hpp;hxx;h++;hm;inl;inc;ipp;xsd</Extensions>
    </Filter>
    <Filter Include="Файлы ресурсов">
      <UniqueIdentifier>{67DA6AB6-F800-4c08-8B7A-83BB121AAD01}</UniqueIdentifier>
      <Extensions>rc;ico;cur;bmp;dlg;rc2;rct;bin;rgs;gif;jpg;jpeg;jpe;resx;tiff;tif;png;wav;mfcribbon-ms</Extensions>
    </Filter>
    <Filter Include="Исходные файлы\Introduction part #1">
      <UniqueIdentifier>{da668e8d-f4d6-4452-bd24-ef36fcc8a150}</UniqueIdentifier>
    </Filter>
    <Filter Include="Исходные файлы\Introduction part #2">
      <UniqueIdentifier>{266353ee-4590-400f-b55a-3fa9c246786b}</UniqueIdentifier>
    </Filter>
    <Filter Include="Файлы заголовков\Introduction part #1">
      <UniqueIdentifier>{7f946e78-0806-4d29-972d-cd3a169c3cfe}</UniqueIdentifier>
    </Filter>
    <Filter Include="Файлы заголовков\Introduction part #2">
      <UniqueIdentifier>{cf00af44-c801-4bdf-af85-af0c2d6f2ef1}</UniqueIdentifier>
    </Filter>
    <Filter Include="Исходные файлы\Pointers and arrays">
      <UniqueIdentifier>{63443933-0646-4156-81c0-787ff8dc6a73}</UniqueIdentifier>
    </Filter>
    <Filter Include="Файлы заголовков\Pointers and arrays">
      <UniqueIdentifier>{f0ed381c-f7a3-41e4-ac85-4f49671766ee}</UniqueIdentifier>
    </Filter>
    <Filter Include="Исходные файлы\Reference">
      <UniqueIdentifier>{f76c12c3-3c58-4490-b616-9d4e1ab8d369}</UniqueIdentifier>
    </Filter>
    <Filter Include="Файлы заголовков\Reference">
      <UniqueIdentifier>{ac6d31a7-b74a-4d50-b062-e65b1961aa99}</UniqueIdentifier>
    </Filter>
    <Filter Include="Исходные файлы\Lvalue, Rvalue">
      <UniqueIdentifier>{598fbd36-e438-4494-b408-2ad250db3300}</UniqueIdentifier>
    </Filter>
    <Filter Include="Файлы заголовков\Lvalue, Rvalue">
      <UniqueIdentifier>{ae2279b5-4f37-4c4a-96f1-1456772a1188}</UniqueIdentifier>
    </Filter>
    <Filter Include="Исходные файлы\Dynamic memory">
      <UniqueIdentifier>{be792c3d-d6da-4d4b-8f31-9286cee5a490}</UniqueIdentifier>
    </Filter>
    <Filter Include="Файлы заголовков\Dynamic memory">
      <UniqueIdentifier>{0a3e74ac-ea03-4592-af41-4e21498156e5}</UniqueIdentifier>
    </Filter>
    <Filter Include="Файлы заголовков\Structure">
      <UniqueIdentifier>{bbe4439f-3110-4584-af00-bd059152667a}</UniqueIdentifier>
    </Filter>
    <Filter Include="Исходные файлы\Structure">
      <UniqueIdentifier>{2b57934b-94b1-4b8a-956f-cf9779eae640}</UniqueIdentifier>
    </Filter>
    <Filter Include="Исходные файлы\Constructors, destructors">
      <UniqueIdentifier>{310523ee-d9a4-475f-97ed-dc4655e153bb}</UniqueIdentifier>
    </Filter>
    <Filter Include="Файлы заголовков\Constructors_destructors">
      <UniqueIdentifier>{6baddd95-144d-4a08-9de0-07b2ced41b7b}</UniqueIdentifier>
    </Filter>
    <Filter Include="Исходные файлы\Copy_const">
      <UniqueIdentifier>{877114b5-17d3-4e84-bf25-bbde51aa82f1}</UniqueIdentifier>
    </Filter>
    <Filter Include="Файлы заголовков\Copy_const">
      <UniqueIdentifier>{56afeb1c-18a5-4de6-865a-4337fddb4f94}</UniqueIdentifier>
    </Filter>
    <Filter Include="Исходные файлы\Inheritance">
      <UniqueIdentifier>{318c7a35-bc1a-44cf-8cf4-48416e278f46}</UniqueIdentifier>
    </Filter>
    <Filter Include="Файлы заголовков\Inheritance">
      <UniqueIdentifier>{24e581f8-4841-4bbf-a612-5652b85ed2d1}</UniqueIdentifier>
    </Filter>
    <Filter Include="Исходные файлы\Overload">
      <UniqueIdentifier>{c1ebeee8-4af8-4bbf-b6fa-6ef741f63561}</UniqueIdentifier>
    </Filter>
    <Filter Include="Файлы заголовков\Overload">
      <UniqueIdentifier>{2a8fbd83-f644-44be-9385-f24ceeb4bcde}</UniqueIdentifier>
    </Filter>
    <Filter Include="Исходные файлы\Virtual methods">
      <UniqueIdentifier>{93450450-464c-4a23-8b95-2ba2805eb1e0}</UniqueIdentifier>
    </Filter>
    <Filter Include="Файлы заголовков\Virtual methods">
      <UniqueIdentifier>{1cd499a6-e2f6-40b8-bd8f-86ea2c3c7305}</UniqueIdentifier>
    </Filter>
    <Filter Include="Исходные файлы\Key-word static">
      <UniqueIdentifier>{7916ee07-f236-49b2-82ae-e0f453b5a849}</UniqueIdentifier>
    </Filter>
    <Filter Include="Файлы заголовков\Key-word static">
      <UniqueIdentifier>{11118edd-4ffa-468e-94b9-c0687bc077cb}</UniqueIdentifier>
    </Filter>
  </ItemGroup>
  <ItemGroup>
    <ClCompile Include="Learning C.cpp">
      <Filter>Исходные файлы</Filter>
    </ClCompile>
    <ClCompile Include="Preprocessor.cpp">
      <Filter>Исходные файлы\Introduction part #1</Filter>
    </ClCompile>
    <ClCompile Include="Variables.cpp">
      <Filter>Исходные файлы\Introduction part #1</Filter>
    </ClCompile>
    <ClCompile Include="Operations.cpp">
      <Filter>Исходные файлы\Introduction part #1</Filter>
    </ClCompile>
    <ClCompile Include="Сonditions.cpp">
      <Filter>Исходные файлы\Introduction part #1</Filter>
    </ClCompile>
    <ClCompile Include="Cycles.cpp">
      <Filter>Исходные файлы\Introduction part #1</Filter>
    </ClCompile>
    <ClCompile Include="Function.cpp">
      <Filter>Исходные файлы\Introduction part #2</Filter>
    </ClCompile>
    <ClCompile Include="Pointers_and_arrays.cpp">
      <Filter>Исходные файлы\Pointers and arrays</Filter>
    </ClCompile>
    <ClCompile Include="Reference.cpp">
      <Filter>Исходные файлы\Reference</Filter>
    </ClCompile>
    <ClCompile Include="Lvalue_Rvalue.cpp">
      <Filter>Исходные файлы\Lvalue, Rvalue</Filter>
    </ClCompile>
    <ClCompile Include="Dynamic_memory.cpp">
      <Filter>Исходные файлы\Dynamic memory</Filter>
    </ClCompile>
    <ClCompile Include="Structure.cpp">
      <Filter>Исходные файлы\Structure</Filter>
    </ClCompile>
    <ClCompile Include="Constructors_destructors.cpp">
      <Filter>Исходные файлы\Constructors, destructors</Filter>
    </ClCompile>
    <ClCompile Include="Copy_const.cpp">
      <Filter>Исходные файлы\Copy_const</Filter>
    </ClCompile>
    <ClCompile Include="Inheritance.cpp">
      <Filter>Исходные файлы\Inheritance</Filter>
    </ClCompile>
    <ClCompile Include="Overload.cpp">
      <Filter>Исходные файлы\Overload</Filter>
    </ClCompile>
    <ClCompile Include="Virtual_methods.cpp">
      <Filter>Исходные файлы\Virtual methods</Filter>
    </ClCompile>
    <ClCompile Include="Key-word_static.cpp">
      <Filter>Исходные файлы\Key-word static</Filter>
    </ClCompile>
  </ItemGroup>
  <ItemGroup>
    <ClInclude Include="Conditions_header.h">
      <Filter>Файлы заголовков\Introduction part #1</Filter>
    </ClInclude>
    <ClInclude Include="Cycles_header.h">
      <Filter>Файлы заголовков\Introduction part #1</Filter>
    </ClInclude>
    <ClInclude Include="Operations_header.h">
      <Filter>Файлы заголовков\Introduction part #1</Filter>
    </ClInclude>
    <ClInclude Include="Preprocessor_header.h">
      <Filter>Файлы заголовков\Introduction part #1</Filter>
    </ClInclude>
    <ClInclude Include="Variables_header.h">
      <Filter>Файлы заголовков\Introduction part #1</Filter>
    </ClInclude>
    <ClInclude Include="Function_header.h">
      <Filter>Файлы заголовков\Introduction part #2</Filter>
    </ClInclude>
    <ClInclude Include="Pointers_and_arrays_headers.h">
      <Filter>Файлы заголовков\Pointers and arrays</Filter>
    </ClInclude>
    <ClInclude Include="Reference_header.h">
      <Filter>Файлы заголовков\Reference</Filter>
    </ClInclude>
    <ClInclude Include="Lvalue_Rvalue_header.h">
      <Filter>Файлы заголовков\Lvalue, Rvalue</Filter>
    </ClInclude>
    <ClInclude Include="Dynamic_memory_header.h">
      <Filter>Файлы заголовков\Dynamic memory</Filter>
    </ClInclude>
    <ClInclude Include="Structure_header.h">
      <Filter>Файлы заголовков\Structure</Filter>
    </ClInclude>
    <ClInclude Include="Constructors_destructors_header.h">
      <Filter>Файлы заголовков\Constructors_destructors</Filter>
    </ClInclude>
    <ClInclude Include="Copy_const_header.h">
      <Filter>Файлы заголовков\Copy_const</Filter>
    </ClInclude>
    <ClInclude Include="Inheritance_header.h">
      <Filter>Файлы заголовков\Inheritance</Filter>
    </ClInclude>
    <ClInclude Include="Overload_header.h">
      <Filter>Файлы заголовков\Overload</Filter>
    </ClInclude>
    <ClInclude Include="Virtual_methods_header.h">
      <Filter>Файлы заголовков\Virtual methods</Filter>
    </ClInclude>
    <ClInclude Include="Key-word_static.h">
      <Filter>Файлы заголовков\Key-word static</Filter>
    </ClInclude>
  </ItemGroup>
</Project>